PODS:
  - Alamofire (5.4.4)
  - Cache (6.0.0)
  - PureLayout (3.1.9)
  - RxCocoa (6.2.0):
    - RxRelay (= 6.2.0)
    - RxSwift (= 6.2.0)
  - RxRelay (6.2.0):
    - RxSwift (= 6.2.0)
  - RxSwift (6.2.0)
  - SCSwift (1.1.0):
    - Alamofire
    - Cache
    - PureLayout
    - RxCocoa
    - RxSwift
    - SDWebImage
    - TTTAttributedLabel
  - SDWebImage (5.12.1):
    - SDWebImage/Core (= 5.12.1)
  - SDWebImage/Core (5.12.1)
  - TTTAttributedLabel (2.0.0)

DEPENDENCIES:
  - SCSwift (from `../`)

SPEC REPOS:
  trunk:
    - Alamofire
    - Cache
    - PureLayout
    - RxCocoa
    - RxRelay
    - RxSwift
    - SDWebImage
    - TTTAttributedLabel

EXTERNAL SOURCES:
  SCSwift:
    :path: "../"

SPEC CHECKSUMS:
  Alamofire: f3b09a368f1582ab751b3fff5460276e0d2cf5c9
  Cache: 4ca7e00363fca5455f26534e5607634c820ffc2d
  PureLayout: 5fb5e5429519627d60d079ccb1eaa7265ce7cf88
  RxCocoa: 4baf94bb35f2c0ab31bc0cb9f1900155f646ba42
  RxRelay: e72dbfd157807478401ef1982e1c61c945c94b2f
  RxSwift: d356ab7bee873611322f134c5f9ef379fa183d8f
  SCSwift: b37b7e33921d1790388c61b901f2b9262f85cdbd
  SDWebImage: 4dc3e42d9ec0c1028b960a33ac6b637bb432207b
  TTTAttributedLabel: 8cffe8e127e4e82ff3af1e5386d4cd0ad000b656

PODFILE CHECKSUM: 2f46d50ad32506d90303fd85ca567d5fcea38cae

COCOAPODS: 1.11.2
