PODS:
  - Alamofire (5.5.0)
  - Cache (6.0.0)
  - RxCocoa (6.5.0):
    - RxRelay (= 6.5.0)
    - RxSwift (= 6.5.0)
  - RxRelay (6.5.0):
    - RxSwift (= 6.5.0)
  - RxSwift (6.5.0)
  - SCSwift (1.1.0):
    - Alamofire
    - Cache
    - RxCocoa
    - RxSwift
    - SDWebImage
    - TTTAttributedLabel
  - SDWebImage (5.12.2):
    - SDWebImage/Core (= 5.12.2)
  - SDWebImage/Core (5.12.2)
  - TTTAttributedLabel (2.0.0)

DEPENDENCIES:
  - SCSwift (from `../`)

SPEC REPOS:
  trunk:
    - Alamofire
    - Cache
    - RxCocoa
    - RxRelay
    - RxSwift
    - SDWebImage
    - TTTAttributedLabel

EXTERNAL SOURCES:
  SCSwift:
    :path: "../"

SPEC CHECKSUMS:
  Alamofire: 1c4fb5369c3fe93d2857c780d8bbe09f06f97e7c
  Cache: 4ca7e00363fca5455f26534e5607634c820ffc2d
  RxCocoa: 94f817b71c07517321eb4f9ad299112ca8af743b
  RxRelay: 1de1523e604c72b6c68feadedd1af3b1b4d0ecbd
  RxSwift: 5710a9e6b17f3c3d6e40d6e559b9fa1e813b2ef8
  SCSwift: 29bb095b257267bbdc3b223b62a5154e1882a723
  SDWebImage: 240e5c12b592fb1268c1d03b8c90d90e8c2ffe82
  TTTAttributedLabel: 8cffe8e127e4e82ff3af1e5386d4cd0ad000b656

PODFILE CHECKSUM: 2f46d50ad32506d90303fd85ca567d5fcea38cae

COCOAPODS: 1.11.2
